
Microsoft Visual Studio Solution File, Format Version 10.00
# Visual C++ Express 2008
Project("{8BC9CEB8-8B4A-11D0-8D11-00A0C91BC942}") = "TRGui-VS2008", "TRGui-VS2008.vcproj", "{33753EBF-4E82-4C43-8B4E-BEBAEF7B44AD}"
EndProject
Global
	GlobalSection(SolutionConfigurationPlatforms) = preSolution
		Debug|Win32 = Debug|Win32
		Release|Win32 = Release|Win32
	EndGlobalSection
	GlobalSection(ProjectConfigurationPlatforms) = postSolution
		{33753EBF-4E82-4C43-8B4E-BEBAEF7B44AD}.Debug|Win32.ActiveCfg = Debug|Win32
		{33753EBF-4E82-4C43-8B4E-BEBAEF7B44AD}.Debug|Win32.Build.0 = Debug|Win32
		{33753EBF-4E82-4C43-8B4E-BEBAEF7B44AD}.Release|Win32.ActiveCfg = Release|Win32
		{33753EBF-4E82-4C43-8B4E-BEBAEF7B44AD}.Release|Win32.Build.0 = Release|Win32
	EndGlobalSection
	GlobalSection(SolutionProperties) = preSolution
		HideSolutionNode = FALSE
	EndGlobalSection
EndGlobal
